
Microsoft Visual Studio Solution File, Format Version 12.00
# Visual Studio Version 16
VisualStudioVersion = 16.0.30717.126
MinimumVisualStudioVersion = 10.0.40219.1
Project("{FAE04EC0-301F-11D3-BF4B-00C04F79EFBC}") = "kusanovicLenardKolekcije2", "kusanovicLenardKolekcije2\kusanovicLenardKolekcije2.csproj", "{15844B88-B614-4E0E-9015-F5B726D847AE}"
EndProject
Global
	GlobalSection(SolutionConfigurationPlatforms) = preSolution
		Debug|Any CPU = Debug|Any CPU
		Release|Any CPU = Release|Any CPU
	EndGlobalSection
	GlobalSection(ProjectConfigurationPlatforms) = postSolution
		{15844B88-B614-4E0E-9015-F5B726D847AE}.Debug|Any CPU.ActiveCfg = Debug|Any CPU
		{15844B88-B614-4E0E-9015-F5B726D847AE}.Debug|Any CPU.Build.0 = Debug|Any CPU
		{15844B88-B614-4E0E-9015-F5B726D847AE}.Release|Any CPU.ActiveCfg = Release|Any CPU
		{15844B88-B614-4E0E-9015-F5B726D847AE}.Release|Any CPU.Build.0 = Release|Any CPU
	EndGlobalSection
	GlobalSection(SolutionProperties) = preSolution
		HideSolutionNode = FALSE
	EndGlobalSection
	GlobalSection(ExtensibilityGlobals) = postSolution
		SolutionGuid = {2F4B985D-5DA9-48AA-90EE-6EE38EAAC53C}
	EndGlobalSection
EndGlobal
